// !$*UTF8*$!
{
	archiveVersion = 1;
	classes = {
	};
	objectVersion = 50;
	objects = {

/* Begin PBXBuildFile section */
		CBDC316E25123AF000BC0B72 /* AppDelegate.swift in Sources */ = {isa = PBXBuildFile; fileRef = CBDC316D25123AF000BC0B72 /* AppDelegate.swift */; };
		CBDC317025123AF000BC0B72 /* SceneDelegate.swift in Sources */ = {isa = PBXBuildFile; fileRef = CBDC316F25123AF000BC0B72 /* SceneDelegate.swift */; };
		CBDC317225123AF000BC0B72 /* ContentView.swift in Sources */ = {isa = PBXBuildFile; fileRef = CBDC317125123AF000BC0B72 /* ContentView.swift */; };
		CBDC317425123AF100BC0B72 /* Assets.xcassets in Resources */ = {isa = PBXBuildFile; fileRef = CBDC317325123AF100BC0B72 /* Assets.xcassets */; };
		CBDC317725123AF100BC0B72 /* Preview Assets.xcassets in Resources */ = {isa = PBXBuildFile; fileRef = CBDC317625123AF100BC0B72 /* Preview Assets.xcassets */; };
		CBDC317A25123AF100BC0B72 /* LaunchScreen.storyboard in Resources */ = {isa = PBXBuildFile; fileRef = CBDC317825123AF100BC0B72 /* LaunchScreen.storyboard */; };
		CBDC318425123D4000BC0B72 /* CounterView.swift in Sources */ = {isa = PBXBuildFile; fileRef = CBDC318325123D4000BC0B72 /* CounterView.swift */; };
		CBDC31872512410E00BC0B72 /* AppState.swift in Sources */ = {isa = PBXBuildFile; fileRef = CBDC31862512410E00BC0B72 /* AppState.swift */; };
		CBDC31892512491600BC0B72 /* IsThisPrimeModal.swift in Sources */ = {isa = PBXBuildFile; fileRef = CBDC31882512491600BC0B72 /* IsThisPrimeModal.swift */; };
		CBDC318B2512618A00BC0B72 /* WolframAlphaResult.swift in Sources */ = {isa = PBXBuildFile; fileRef = CBDC318A2512618A00BC0B72 /* WolframAlphaResult.swift */; };
		CBDC318D2512623D00BC0B72 /* WolframNetworking.swift in Sources */ = {isa = PBXBuildFile; fileRef = CBDC318C2512623D00BC0B72 /* WolframNetworking.swift */; };
		CBDC318F25126BDB00BC0B72 /* FavoritesPrimeView.swift in Sources */ = {isa = PBXBuildFile; fileRef = CBDC318E25126BDB00BC0B72 /* FavoritesPrimeView.swift */; };
		CBE313ED251343F10007EC80 /* Int + isPrime.swift in Sources */ = {isa = PBXBuildFile; fileRef = CBE313EC251343F10007EC80 /* Int + isPrime.swift */; };
		CBE313F025134C4F0007EC80 /* User.swift in Sources */ = {isa = PBXBuildFile; fileRef = CBE313EF25134C4F0007EC80 /* User.swift */; };
		CBE313F225134CB50007EC80 /* Activity.swift in Sources */ = {isa = PBXBuildFile; fileRef = CBE313F125134CB50007EC80 /* Activity.swift */; };
		CBE313F425134F7A0007EC80 /* AppState + AddAndRemovePrime.swift in Sources */ = {isa = PBXBuildFile; fileRef = CBE313F325134F7A0007EC80 /* AppState + AddAndRemovePrime.swift */; };
/* End PBXBuildFile section */

/* Begin PBXFileReference section */
		CBDC316A25123AF000BC0B72 /* isItPrime.app */ = {isa = PBXFileReference; explicitFileType = wrapper.application; includeInIndex = 0; path = isItPrime.app; sourceTree = BUILT_PRODUCTS_DIR; };
		CBDC316D25123AF000BC0B72 /* AppDelegate.swift */ = {isa = PBXFileReference; lastKnownFileType = sourcecode.swift; path = AppDelegate.swift; sourceTree = "<group>"; };
		CBDC316F25123AF000BC0B72 /* SceneDelegate.swift */ = {isa = PBXFileReference; lastKnownFileType = sourcecode.swift; path = SceneDelegate.swift; sourceTree = "<group>"; };
		CBDC317125123AF000BC0B72 /* ContentView.swift */ = {isa = PBXFileReference; lastKnownFileType = sourcecode.swift; path = ContentView.swift; sourceTree = "<group>"; };
		CBDC317325123AF100BC0B72 /* Assets.xcassets */ = {isa = PBXFileReference; lastKnownFileType = folder.assetcatalog; path = Assets.xcassets; sourceTree = "<group>"; };
		CBDC317625123AF100BC0B72 /* Preview Assets.xcassets */ = {isa = PBXFileReference; lastKnownFileType = folder.assetcatalog; path = "Preview Assets.xcassets"; sourceTree = "<group>"; };
		CBDC317925123AF100BC0B72 /* Base */ = {isa = PBXFileReference; lastKnownFileType = file.storyboard; name = Base; path = Base.lproj/LaunchScreen.storyboard; sourceTree = "<group>"; };
		CBDC317B25123AF100BC0B72 /* Info.plist */ = {isa = PBXFileReference; lastKnownFileType = text.plist.xml; path = Info.plist; sourceTree = "<group>"; };
		CBDC318325123D4000BC0B72 /* CounterView.swift */ = {isa = PBXFileReference; lastKnownFileType = sourcecode.swift; path = CounterView.swift; sourceTree = "<group>"; };
		CBDC31862512410E00BC0B72 /* AppState.swift */ = {isa = PBXFileReference; lastKnownFileType = sourcecode.swift; path = AppState.swift; sourceTree = "<group>"; };
		CBDC31882512491600BC0B72 /* IsThisPrimeModal.swift */ = {isa = PBXFileReference; lastKnownFileType = sourcecode.swift; path = IsThisPrimeModal.swift; sourceTree = "<group>"; };
		CBDC318A2512618A00BC0B72 /* WolframAlphaResult.swift */ = {isa = PBXFileReference; lastKnownFileType = sourcecode.swift; path = WolframAlphaResult.swift; sourceTree = "<group>"; };
		CBDC318C2512623D00BC0B72 /* WolframNetworking.swift */ = {isa = PBXFileReference; lastKnownFileType = sourcecode.swift; path = WolframNetworking.swift; sourceTree = "<group>"; };
		CBDC318E25126BDB00BC0B72 /* FavoritesPrimeView.swift */ = {isa = PBXFileReference; lastKnownFileType = sourcecode.swift; path = FavoritesPrimeView.swift; sourceTree = "<group>"; };
		CBE313EC251343F10007EC80 /* Int + isPrime.swift */ = {isa = PBXFileReference; lastKnownFileType = sourcecode.swift; path = "Int + isPrime.swift"; sourceTree = "<group>"; };
		CBE313EF25134C4F0007EC80 /* User.swift */ = {isa = PBXFileReference; lastKnownFileType = sourcecode.swift; path = User.swift; sourceTree = "<group>"; };
		CBE313F125134CB50007EC80 /* Activity.swift */ = {isa = PBXFileReference; lastKnownFileType = sourcecode.swift; path = Activity.swift; sourceTree = "<group>"; };
		CBE313F325134F7A0007EC80 /* AppState + AddAndRemovePrime.swift */ = {isa = PBXFileReference; lastKnownFileType = sourcecode.swift; path = "AppState + AddAndRemovePrime.swift"; sourceTree = "<group>"; };
/* End PBXFileReference section */

/* Begin PBXFrameworksBuildPhase section */
		CBDC316725123AF000BC0B72 /* Frameworks */ = {
			isa = PBXFrameworksBuildPhase;
			buildActionMask = 2147483647;
			files = (
			);
			runOnlyForDeploymentPostprocessing = 0;
		};
/* End PBXFrameworksBuildPhase section */

/* Begin PBXGroup section */
		CBDC316125123AF000BC0B72 = {
			isa = PBXGroup;
			children = (
				CBDC316C25123AF000BC0B72 /* isItPrime */,
				CBDC316B25123AF000BC0B72 /* Products */,
			);
			sourceTree = "<group>";
		};
		CBDC316B25123AF000BC0B72 /* Products */ = {
			isa = PBXGroup;
			children = (
				CBDC316A25123AF000BC0B72 /* isItPrime.app */,
			);
			name = Products;
			sourceTree = "<group>";
		};
		CBDC316C25123AF000BC0B72 /* isItPrime */ = {
			isa = PBXGroup;
			children = (
				CBDC318125123D1E00BC0B72 /* App */,
				CBDC316D25123AF000BC0B72 /* AppDelegate.swift */,
				CBDC316F25123AF000BC0B72 /* SceneDelegate.swift */,
				CBDC317325123AF100BC0B72 /* Assets.xcassets */,
				CBDC317825123AF100BC0B72 /* LaunchScreen.storyboard */,
				CBDC317B25123AF100BC0B72 /* Info.plist */,
				CBDC317525123AF100BC0B72 /* Preview Content */,
			);
			path = isItPrime;
			sourceTree = "<group>";
		};
		CBDC317525123AF100BC0B72 /* Preview Content */ = {
			isa = PBXGroup;
			children = (
				CBDC317625123AF100BC0B72 /* Preview Assets.xcassets */,
			);
			path = "Preview Content";
			sourceTree = "<group>";
		};
		CBDC318125123D1E00BC0B72 /* App */ = {
			isa = PBXGroup;
			children = (
				CBE313EB251343D30007EC80 /* Extensions */,
				CBDC31852512410400BC0B72 /* Model */,
				CBDC318225123D2D00BC0B72 /* Views */,
			);
			path = App;
			sourceTree = "<group>";
		};
		CBDC318225123D2D00BC0B72 /* Views */ = {
			isa = PBXGroup;
			children = (
				CBDC317125123AF000BC0B72 /* ContentView.swift */,
				CBDC318325123D4000BC0B72 /* CounterView.swift */,
				CBDC31882512491600BC0B72 /* IsThisPrimeModal.swift */,
				CBDC318E25126BDB00BC0B72 /* FavoritesPrimeView.swift */,
			);
			path = Views;
			sourceTree = "<group>";
		};
		CBDC31852512410400BC0B72 /* Model */ = {
			isa = PBXGroup;
			children = (
				CBE313F525134F8B0007EC80 /* AppState */,
				CBE313EE25134C2B0007EC80 /* WolframService */,
				CBE313EF25134C4F0007EC80 /* User.swift */,
				CBE313F125134CB50007EC80 /* Activity.swift */,
			);
			path = Model;
			sourceTree = "<group>";
		};
		CBE313EB251343D30007EC80 /* Extensions */ = {
			isa = PBXGroup;
			children = (
				CBE313EC251343F10007EC80 /* Int + isPrime.swift */,
			);
			path = Extensions;
			sourceTree = "<group>";
		};
		CBE313EE25134C2B0007EC80 /* WolframService */ = {
			isa = PBXGroup;
			children = (
				CBDC318A2512618A00BC0B72 /* WolframAlphaResult.swift */,
				CBDC318C2512623D00BC0B72 /* WolframNetworking.swift */,
			);
			path = WolframService;
			sourceTree = "<group>";
		};
		CBE313F525134F8B0007EC80 /* AppState */ = {
			isa = PBXGroup;
			children = (
				CBDC31862512410E00BC0B72 /* AppState.swift */,
				CBE313F325134F7A0007EC80 /* AppState + AddAndRemovePrime.swift */,
			);
			path = AppState;
			sourceTree = "<group>";
		};
/* End PBXGroup section */

/* Begin PBXNativeTarget section */
		CBDC316925123AF000BC0B72 /* isItPrime */ = {
			isa = PBXNativeTarget;
			buildConfigurationList = CBDC317E25123AF100BC0B72 /* Build configuration list for PBXNativeTarget "isItPrime" */;
			buildPhases = (
				CBDC316625123AF000BC0B72 /* Sources */,
				CBDC316725123AF000BC0B72 /* Frameworks */,
				CBDC316825123AF000BC0B72 /* Resources */,
			);
			buildRules = (
			);
			dependencies = (
			);
			name = isItPrime;
			productName = isItPrime;
			productReference = CBDC316A25123AF000BC0B72 /* isItPrime.app */;
			productType = "com.apple.product-type.application";
		};
/* End PBXNativeTarget section */

/* Begin PBXProject section */
		CBDC316225123AF000BC0B72 /* Project object */ = {
			isa = PBXProject;
			attributes = {
				LastSwiftUpdateCheck = 1170;
				LastUpgradeCheck = 1170;
				ORGANIZATIONNAME = "Merouane Bellaha";
				TargetAttributes = {
					CBDC316925123AF000BC0B72 = {
						CreatedOnToolsVersion = 11.7;
					};
				};
			};
			buildConfigurationList = CBDC316525123AF000BC0B72 /* Build configuration list for PBXProject "isItPrime" */;
			compatibilityVersion = "Xcode 9.3";
			developmentRegion = en;
			hasScannedForEncodings = 0;
			knownRegions = (
				en,
				Base,
			);
			mainGroup = CBDC316125123AF000BC0B72;
			productRefGroup = CBDC316B25123AF000BC0B72 /* Products */;
			projectDirPath = "";
			projectRoot = "";
			targets = (
				CBDC316925123AF000BC0B72 /* isItPrime */,
			);
		};
/* End PBXProject section */

/* Begin PBXResourcesBuildPhase section */
		CBDC316825123AF000BC0B72 /* Resources */ = {
			isa = PBXResourcesBuildPhase;
			buildActionMask = 2147483647;
			files = (
				CBDC317A25123AF100BC0B72 /* LaunchScreen.storyboard in Resources */,
				CBDC317725123AF100BC0B72 /* Preview Assets.xcassets in Resources */,
				CBDC317425123AF100BC0B72 /* Assets.xcassets in Resources */,
			);
			runOnlyForDeploymentPostprocessing = 0;
		};
/* End PBXResourcesBuildPhase section */

/* Begin PBXSourcesBuildPhase section */
		CBDC316625123AF000BC0B72 /* Sources */ = {
			isa = PBXSourcesBuildPhase;
			buildActionMask = 2147483647;
			files = (
				CBDC318B2512618A00BC0B72 /* WolframAlphaResult.swift in Sources */,
				CBDC31872512410E00BC0B72 /* AppState.swift in Sources */,
				CBDC318D2512623D00BC0B72 /* WolframNetworking.swift in Sources */,
				CBDC316E25123AF000BC0B72 /* AppDelegate.swift in Sources */,
				CBDC318F25126BDB00BC0B72 /* FavoritesPrimeView.swift in Sources */,
				CBE313ED251343F10007EC80 /* Int + isPrime.swift in Sources */,
				CBE313F225134CB50007EC80 /* Activity.swift in Sources */,
				CBDC317025123AF000BC0B72 /* SceneDelegate.swift in Sources */,
				CBDC317225123AF000BC0B72 /* ContentView.swift in Sources */,
				CBE313F425134F7A0007EC80 /* AppState + AddAndRemovePrime.swift in Sources */,
				CBDC318425123D4000BC0B72 /* CounterView.swift in Sources */,
				CBDC31892512491600BC0B72 /* IsThisPrimeModal.swift in Sources */,
				CBE313F025134C4F0007EC80 /* User.swift in Sources */,
			);
			runOnlyForDeploymentPostprocessing = 0;
		};
/* End PBXSourcesBuildPhase section */

/* Begin PBXVariantGroup section */
		CBDC317825123AF100BC0B72 /* LaunchScreen.storyboard */ = {
			isa = PBXVariantGroup;
			children = (
				CBDC317925123AF100BC0B72 /* Base */,
			);
			name = LaunchScreen.storyboard;
			sourceTree = "<group>";
		};
/* End PBXVariantGroup section */

/* Begin XCBuildConfiguration section */
		CBDC317C25123AF100BC0B72 /* Debug */ = {
			isa = XCBuildConfiguration;
			buildSettings = {
				ALWAYS_SEARCH_USER_PATHS = NO;
				CLANG_ANALYZER_NONNULL = YES;
				CLANG_ANALYZER_NUMBER_OBJECT_CONVERSION = YES_AGGRESSIVE;
				CLANG_CXX_LANGUAGE_STANDARD = "gnu++14";
				CLANG_CXX_LIBRARY = "libc++";
				CLANG_ENABLE_MODULES = YES;
				CLANG_ENABLE_OBJC_ARC = YES;
				CLANG_ENABLE_OBJC_WEAK = YES;
				CLANG_WARN_BLOCK_CAPTURE_AUTORELEASING = YES;
				CLANG_WARN_BOOL_CONVERSION = YES;
				CLANG_WARN_COMMA = YES;
				CLANG_WARN_CONSTANT_CONVERSION = YES;
				CLANG_WARN_DEPRECATED_OBJC_IMPLEMENTATIONS = YES;
				CLANG_WARN_DIRECT_OBJC_ISA_USAGE = YES_ERROR;
				CLANG_WARN_DOCUMENTATION_COMMENTS = YES;
				CLANG_WARN_EMPTY_BODY = YES;
				CLANG_WARN_ENUM_CONVERSION = YES;
				CLANG_WARN_INFINITE_RECURSION = YES;
				CLANG_WARN_INT_CONVERSION = YES;
				CLANG_WARN_NON_LITERAL_NULL_CONVERSION = YES;
				CLANG_WARN_OBJC_IMPLICIT_RETAIN_SELF = YES;
				CLANG_WARN_OBJC_LITERAL_CONVERSION = YES;
				CLANG_WARN_OBJC_ROOT_CLASS = YES_ERROR;
				CLANG_WARN_RANGE_LOOP_ANALYSIS = YES;
				CLANG_WARN_STRICT_PROTOTYPES = YES;
				CLANG_WARN_SUSPICIOUS_MOVE = YES;
				CLANG_WARN_UNGUARDED_AVAILABILITY = YES_AGGRESSIVE;
				CLANG_WARN_UNREACHABLE_CODE = YES;
				CLANG_WARN__DUPLICATE_METHOD_MATCH = YES;
				COPY_PHASE_STRIP = NO;
				DEBUG_INFORMATION_FORMAT = dwarf;
				ENABLE_STRICT_OBJC_MSGSEND = YES;
				ENABLE_TESTABILITY = YES;
				GCC_C_LANGUAGE_STANDARD = gnu11;
				GCC_DYNAMIC_NO_PIC = NO;
				GCC_NO_COMMON_BLOCKS = YES;
				GCC_OPTIMIZATION_LEVEL = 0;
				GCC_PREPROCESSOR_DEFINITIONS = (
					"DEBUG=1",
					"$(inherited)",
				);
				GCC_WARN_64_TO_32_BIT_CONVERSION = YES;
				GCC_WARN_ABOUT_RETURN_TYPE = YES_ERROR;
				GCC_WARN_UNDECLARED_SELECTOR = YES;
				GCC_WARN_UNINITIALIZED_AUTOS = YES_AGGRESSIVE;
				GCC_WARN_UNUSED_FUNCTION = YES;
				GCC_WARN_UNUSED_VARIABLE = YES;
				IPHONEOS_DEPLOYMENT_TARGET = 13.7;
				MTL_ENABLE_DEBUG_INFO = INCLUDE_SOURCE;
				MTL_FAST_MATH = YES;
				ONLY_ACTIVE_ARCH = YES;
				SDKROOT = iphoneos;
				SWIFT_ACTIVE_COMPILATION_CONDITIONS = DEBUG;
				SWIFT_OPTIMIZATION_LEVEL = "-Onone";
			};
			name = Debug;
		};
		CBDC317D25123AF100BC0B72 /* Release */ = {
			isa = XCBuildConfiguration;
			buildSettings = {
				ALWAYS_SEARCH_USER_PATHS = NO;
				CLANG_ANALYZER_NONNULL = YES;
				CLANG_ANALYZER_NUMBER_OBJECT_CONVERSION = YES_AGGRESSIVE;
				CLANG_CXX_LANGUAGE_STANDARD = "gnu++14";
				CLANG_CXX_LIBRARY = "libc++";
				CLANG_ENABLE_MODULES = YES;
				CLANG_ENABLE_OBJC_ARC = YES;
				CLANG_ENABLE_OBJC_WEAK = YES;
				CLANG_WARN_BLOCK_CAPTURE_AUTORELEASING = YES;
				CLANG_WARN_BOOL_CONVERSION = YES;
				CLANG_WARN_COMMA = YES;
				CLANG_WARN_CONSTANT_CONVERSION = YES;
				CLANG_WARN_DEPRECATED_OBJC_IMPLEMENTATIONS = YES;
				CLANG_WARN_DIRECT_OBJC_ISA_USAGE = YES_ERROR;
				CLANG_WARN_DOCUMENTATION_COMMENTS = YES;
				CLANG_WARN_EMPTY_BODY = YES;
				CLANG_WARN_ENUM_CONVERSION = YES;
				CLANG_WARN_INFINITE_RECURSION = YES;
				CLANG_WARN_INT_CONVERSION = YES;
				CLANG_WARN_NON_LITERAL_NULL_CONVERSION = YES;
				CLANG_WARN_OBJC_IMPLICIT_RETAIN_SELF = YES;
				CLANG_WARN_OBJC_LITERAL_CONVERSION = YES;
				CLANG_WARN_OBJC_ROOT_CLASS = YES_ERROR;
				CLANG_WARN_RANGE_LOOP_ANALYSIS = YES;
				CLANG_WARN_STRICT_PROTOTYPES = YES;
				CLANG_WARN_SUSPICIOUS_MOVE = YES;
				CLANG_WARN_UNGUARDED_AVAILABILITY = YES_AGGRESSIVE;
				CLANG_WARN_UNREACHABLE_CODE = YES;
				CLANG_WARN__DUPLICATE_METHOD_MATCH = YES;
				COPY_PHASE_STRIP = NO;
				DEBUG_INFORMATION_FORMAT = "dwarf-with-dsym";
				ENABLE_NS_ASSERTIONS = NO;
				ENABLE_STRICT_OBJC_MSGSEND = YES;
				GCC_C_LANGUAGE_STANDARD = gnu11;
				GCC_NO_COMMON_BLOCKS = YES;
				GCC_WARN_64_TO_32_BIT_CONVERSION = YES;
				GCC_WARN_ABOUT_RETURN_TYPE = YES_ERROR;
				GCC_WARN_UNDECLARED_SELECTOR = YES;
				GCC_WARN_UNINITIALIZED_AUTOS = YES_AGGRESSIVE;
				GCC_WARN_UNUSED_FUNCTION = YES;
				GCC_WARN_UNUSED_VARIABLE = YES;
				IPHONEOS_DEPLOYMENT_TARGET = 13.7;
				MTL_ENABLE_DEBUG_INFO = NO;
				MTL_FAST_MATH = YES;
				SDKROOT = iphoneos;
				SWIFT_COMPILATION_MODE = wholemodule;
				SWIFT_OPTIMIZATION_LEVEL = "-O";
				VALIDATE_PRODUCT = YES;
			};
			name = Release;
		};
		CBDC317F25123AF100BC0B72 /* Debug */ = {
			isa = XCBuildConfiguration;
			buildSettings = {
				ASSETCATALOG_COMPILER_APPICON_NAME = AppIcon;
				CODE_SIGN_STYLE = Automatic;
				DEVELOPMENT_ASSET_PATHS = "\"isItPrime/Preview Content\"";
				DEVELOPMENT_TEAM = K8M973GY56;
				ENABLE_PREVIEWS = YES;
				INFOPLIST_FILE = isItPrime/Info.plist;
				LD_RUNPATH_SEARCH_PATHS = (
					"$(inherited)",
					"@executable_path/Frameworks",
				);
				PRODUCT_BUNDLE_IDENTIFIER = com.merouanebellaha.isItPrime;
				PRODUCT_NAME = "$(TARGET_NAME)";
				SWIFT_VERSION = 5.0;
				TARGETED_DEVICE_FAMILY = "1,2";
			};
			name = Debug;
		};
		CBDC318025123AF100BC0B72 /* Release */ = {
			isa = XCBuildConfiguration;
			buildSettings = {
				ASSETCATALOG_COMPILER_APPICON_NAME = AppIcon;
				CODE_SIGN_STYLE = Automatic;
				DEVELOPMENT_ASSET_PATHS = "\"isItPrime/Preview Content\"";
				DEVELOPMENT_TEAM = K8M973GY56;
				ENABLE_PREVIEWS = YES;
				INFOPLIST_FILE = isItPrime/Info.plist;
				LD_RUNPATH_SEARCH_PATHS = (
					"$(inherited)",
					"@executable_path/Frameworks",
				);
				PRODUCT_BUNDLE_IDENTIFIER = com.merouanebellaha.isItPrime;
				PRODUCT_NAME = "$(TARGET_NAME)";
				SWIFT_VERSION = 5.0;
				TARGETED_DEVICE_FAMILY = "1,2";
			};
			name = Release;
		};
/* End XCBuildConfiguration section */

/* Begin XCConfigurationList section */
		CBDC316525123AF000BC0B72 /* Build configuration list for PBXProject "isItPrime" */ = {
			isa = XCConfigurationList;
			buildConfigurations = (
				CBDC317C25123AF100BC0B72 /* Debug */,
				CBDC317D25123AF100BC0B72 /* Release */,
			);
			defaultConfigurationIsVisible = 0;
			defaultConfigurationName = Release;
		};
		CBDC317E25123AF100BC0B72 /* Build configuration list for PBXNativeTarget "isItPrime" */ = {
			isa = XCConfigurationList;
			buildConfigurations = (
				CBDC317F25123AF100BC0B72 /* Debug */,
				CBDC318025123AF100BC0B72 /* Release */,
			);
			defaultConfigurationIsVisible = 0;
			defaultConfigurationName = Release;
		};
/* End XCConfigurationList section */
	};
	rootObject = CBDC316225123AF000BC0B72 /* Project object */;
}
